hash: cbfebf5edc431083b6b23fb5ae9c90ce6be39723413cfc8862048cf58f7c5609
updated: 2018-06-11T22:56:52.105196-04:00
imports:
- name: github.com/AndreasBriese/bbloom
  version: 28f7e881ca57bc00e028f9ede9f0d9104cfeef5e
- name: github.com/coreos/bbolt
  version: af9db2027c98c61ecd8e17caa5bd265792b9b9a2
- name: github.com/dgraph-io/badger
  version: 8b89769ed71e56cf7f80abdcfd3576efc97bd412
  subpackages:
  - options
  - protos
  - skl
  - table
  - "y"
- name: github.com/dgryski/go-farm
  version: 2de33835d10275975374b37b2dcfd22c9020a1f5
- name: github.com/golang/protobuf
  version: 1e59b77b52bf8e4b449a57e6f79f21226d571845
  subpackages:
  - proto
- name: github.com/inconshreveable/mousetrap
  version: 76626ae9c91c4f2a10f34cad8ce83ea42c93bb75
- name: github.com/pkg/errors
  version: 816c9085562cd7ee03e7f8188a1cfd942858cded
- name: github.com/spf13/cobra
  version: a1f051bc3eba734da4772d60e2d677f47cf93ef4
- name: github.com/spf13/pflag
  version: 4c012f6dcd9546820e378d0bdda4d8fc772cdfea
- name: golang.org/x/net
  version: 66aacef3dd8a676686c7ae3716979581e8b03c47
  subpackages:
  - context
  - internal/timeseries
  - trace
- name: golang.org/x/sys
  version: ebfc5b4631820b793c9010c87fd8fef0f39eb082
  subpackages:
  - unix
testImports: []
